
Microsoft Visual Studio Solution File, Format Version 12.00
# Visual Studio Version 17
VisualStudioVersion = 17.5.33424.131
MinimumVisualStudioVersion = 10.0.40219.1
Project("{9A19103F-16F7-4668-BE54-9A1E7A4F7556}") = "Homework #1", "Homework #1\Homework #1.csproj", "{7904C11B-87D4-4082-90D5-EB1C6EC07808}"
EndProject
Project("{9A19103F-16F7-4668-BE54-9A1E7A4F7556}") = "Homework #2", "Homework #2\Homework #2.csproj", "{954BC8F4-66BA-468F-819D-6D7B4D368858}"
EndProject
Project("{9A19103F-16F7-4668-BE54-9A1E7A4F7556}") = "Homework #3", "Homework #3\Homework #3.csproj", "{3768C54B-1147-41DB-9FC5-7FF1BF331681}"
EndProject
Project("{9A19103F-16F7-4668-BE54-9A1E7A4F7556}") = "Homework #4", "Homework #4\Homework #4.csproj", "{C346BDDE-26F8-42C3-9BF9-0BA8C27C8A4C}"
EndProject
Project("{9A19103F-16F7-4668-BE54-9A1E7A4F7556}") = "Homework #5", "Homework #5\Homework #5.csproj", "{EB0A623A-1FF5-443A-AD66-A555C33E90D7}"
EndProject
Project("{9A19103F-16F7-4668-BE54-9A1E7A4F7556}") = "Homework #7", "Homework #7\Homework #7.csproj", "{9A920014-1B6A-4DC2-AC65-E1C8A3720F78}"
EndProject
Project("{9A19103F-16F7-4668-BE54-9A1E7A4F7556}") = "Homework #11", "Homework #11\Homework #11.csproj", "{1885F9B0-8A0B-4727-A870-BF6BA5A0E884}"
EndProject
Project("{FAE04EC0-301F-11D3-BF4B-00C04F79EFBC}") = "Homework #14", "Homework #14\Homework #14.csproj", "{2EF62933-5E80-4D89-BF2B-7A93C5B499F6}"
EndProject
Global
	GlobalSection(SolutionConfigurationPlatforms) = preSolution
		Debug|Any CPU = Debug|Any CPU
		Release|Any CPU = Release|Any CPU
	EndGlobalSection
	GlobalSection(ProjectConfigurationPlatforms) = postSolution
		{7904C11B-87D4-4082-90D5-EB1C6EC07808}.Debug|Any CPU.ActiveCfg = Debug|Any CPU
		{7904C11B-87D4-4082-90D5-EB1C6EC07808}.Debug|Any CPU.Build.0 = Debug|Any CPU
		{7904C11B-87D4-4082-90D5-EB1C6EC07808}.Release|Any CPU.ActiveCfg = Release|Any CPU
		{7904C11B-87D4-4082-90D5-EB1C6EC07808}.Release|Any CPU.Build.0 = Release|Any CPU
		{954BC8F4-66BA-468F-819D-6D7B4D368858}.Debug|Any CPU.ActiveCfg = Debug|Any CPU
		{954BC8F4-66BA-468F-819D-6D7B4D368858}.Debug|Any CPU.Build.0 = Debug|Any CPU
		{954BC8F4-66BA-468F-819D-6D7B4D368858}.Release|Any CPU.ActiveCfg = Release|Any CPU
		{954BC8F4-66BA-468F-819D-6D7B4D368858}.Release|Any CPU.Build.0 = Release|Any CPU
		{3768C54B-1147-41DB-9FC5-7FF1BF331681}.Debug|Any CPU.ActiveCfg = Debug|Any CPU
		{3768C54B-1147-41DB-9FC5-7FF1BF331681}.Debug|Any CPU.Build.0 = Debug|Any CPU
		{3768C54B-1147-41DB-9FC5-7FF1BF331681}.Release|Any CPU.ActiveCfg = Release|Any CPU
		{3768C54B-1147-41DB-9FC5-7FF1BF331681}.Release|Any CPU.Build.0 = Release|Any CPU
		{C346BDDE-26F8-42C3-9BF9-0BA8C27C8A4C}.Debug|Any CPU.ActiveCfg = Debug|Any CPU
		{C346BDDE-26F8-42C3-9BF9-0BA8C27C8A4C}.Debug|Any CPU.Build.0 = Debug|Any CPU
		{C346BDDE-26F8-42C3-9BF9-0BA8C27C8A4C}.Release|Any CPU.ActiveCfg = Release|Any CPU
		{C346BDDE-26F8-42C3-9BF9-0BA8C27C8A4C}.Release|Any CPU.Build.0 = Release|Any CPU
		{EB0A623A-1FF5-443A-AD66-A555C33E90D7}.Debug|Any CPU.ActiveCfg = Debug|Any CPU
		{EB0A623A-1FF5-443A-AD66-A555C33E90D7}.Debug|Any CPU.Build.0 = Debug|Any CPU
		{EB0A623A-1FF5-443A-AD66-A555C33E90D7}.Release|Any CPU.ActiveCfg = Release|Any CPU
		{EB0A623A-1FF5-443A-AD66-A555C33E90D7}.Release|Any CPU.Build.0 = Release|Any CPU
		{9A920014-1B6A-4DC2-AC65-E1C8A3720F78}.Debug|Any CPU.ActiveCfg = Debug|Any CPU
		{9A920014-1B6A-4DC2-AC65-E1C8A3720F78}.Debug|Any CPU.Build.0 = Debug|Any CPU
		{9A920014-1B6A-4DC2-AC65-E1C8A3720F78}.Release|Any CPU.ActiveCfg = Release|Any CPU
		{9A920014-1B6A-4DC2-AC65-E1C8A3720F78}.Release|Any CPU.Build.0 = Release|Any CPU
		{1885F9B0-8A0B-4727-A870-BF6BA5A0E884}.Debug|Any CPU.ActiveCfg = Debug|Any CPU
		{1885F9B0-8A0B-4727-A870-BF6BA5A0E884}.Debug|Any CPU.Build.0 = Debug|Any CPU
		{1885F9B0-8A0B-4727-A870-BF6BA5A0E884}.Release|Any CPU.ActiveCfg = Release|Any CPU
		{1885F9B0-8A0B-4727-A870-BF6BA5A0E884}.Release|Any CPU.Build.0 = Release|Any CPU
		{2EF62933-5E80-4D89-BF2B-7A93C5B499F6}.Debug|Any CPU.ActiveCfg = Debug|Any CPU
		{2EF62933-5E80-4D89-BF2B-7A93C5B499F6}.Debug|Any CPU.Build.0 = Debug|Any CPU
		{2EF62933-5E80-4D89-BF2B-7A93C5B499F6}.Release|Any CPU.ActiveCfg = Release|Any CPU
		{2EF62933-5E80-4D89-BF2B-7A93C5B499F6}.Release|Any CPU.Build.0 = Release|Any CPU
	EndGlobalSection
	GlobalSection(SolutionProperties) = preSolution
		HideSolutionNode = FALSE
	EndGlobalSection
	GlobalSection(ExtensibilityGlobals) = postSolution
		SolutionGuid = {0EC453E8-8C94-420A-882C-A897717AC223}
	EndGlobalSection
EndGlobal
